// !$*UTF8*$!
{
	archiveVersion = 1;
	classes = {
	};
	objectVersion = 46;
	objects = {

/* Begin PBXBuildFile section */
		7DBF19D01AA6C69700DEF150 /* main.m in Sources */ = {isa = PBXBuildFile; fileRef = 7DBF19CF1AA6C69700DEF150 /* main.m */; };
		7DBF19D31AA6C69700DEF150 /* AppDelegate.m in Sources */ = {isa = PBXBuildFile; fileRef = 7DBF19D21AA6C69700DEF150 /* AppDelegate.m */; };
		7DBF19D61AA6C69700DEF150 /* ViewController.m in Sources */ = {isa = PBXBuildFile; fileRef = 7DBF19D51AA6C69700DEF150 /* ViewController.m */; };
		7DBF19D91AA6C69700DEF150 /* Main.storyboard in Resources */ = {isa = PBXBuildFile; fileRef = 7DBF19D71AA6C69700DEF150 /* Main.storyboard */; };
		7DBF19DB1AA6C69700DEF150 /* Images.xcassets in Resources */ = {isa = PBXBuildFile; fileRef = 7DBF19DA1AA6C69700DEF150 /* Images.xcassets */; };
		7DBF19DE1AA6C69700DEF150 /* LaunchScreen.xib in Resources */ = {isa = PBXBuildFile; fileRef = 7DBF19DC1AA6C69700DEF150 /* LaunchScreen.xib */; };
		7DBF19EA1AA6C69700DEF150 /* QQ__Tests.m in Sources */ = {isa = PBXBuildFile; fileRef = 7DBF19E91AA6C69700DEF150 /* QQ__Tests.m */; };
		7DBF19F41AA6C87A00DEF150 /* messages.plist in Resources */ = {isa = PBXBuildFile; fileRef = 7DBF19F31AA6C87A00DEF150 /* messages.plist */; };
		7DBF19F81AA6D34600DEF150 /* JHMessageModel.m in Sources */ = {isa = PBXBuildFile; fileRef = 7DBF19F71AA6D34600DEF150 /* JHMessageModel.m */; };
		7DBF19FB1AA6D46E00DEF150 /* JHMessageCell.m in Sources */ = {isa = PBXBuildFile; fileRef = 7DBF19FA1AA6D46E00DEF150 /* JHMessageCell.m */; };
		7DBF19FE1AA6D4B700DEF150 /* JHMessageFrameModel.m in Sources */ = {isa = PBXBuildFile; fileRef = 7DBF19FD1AA6D4B700DEF150 /* JHMessageFrameModel.m */; };
		7DC8A24A1AA81F22002DCA06 /* NSString+Extension.m in Sources */ = {isa = PBXBuildFile; fileRef = 7DC8A2491AA81F22002DCA06 /* NSString+Extension.m */; };
		7DC8A24D1AA81FD8002DCA06 /* UIImage+Extension.m in Sources */ = {isa = PBXBuildFile; fileRef = 7DC8A24C1AA81FD8002DCA06 /* UIImage+Extension.m */; };
/* End PBXBuildFile section */

/* Begin PBXContainerItemProxy section */
		7DBF19E41AA6C69700DEF150 /* PBXContainerItemProxy */ = {
			isa = PBXContainerItemProxy;
			containerPortal = 7DBF19C21AA6C69700DEF150 /* Project object */;
			proxyType = 1;
			remoteGlobalIDString = 7DBF19C91AA6C69700DEF150;
			remoteInfo = "QQ聊天";
		};
/* End PBXContainerItemProxy section */

/* Begin PBXFileReference section */
		7DBF19CA1AA6C69700DEF150 /* QQ聊天.app */ = {isa = PBXFileReference; explicitFileType = wrapper.application; includeInIndex = 0; path = "QQ聊天.app"; sourceTree = BUILT_PRODUCTS_DIR; };
		7DBF19CE1AA6C69700DEF150 /* Info.plist */ = {isa = PBXFileReference; lastKnownFileType = text.plist.xml; path = Info.plist; sourceTree = "<group>"; };
		7DBF19CF1AA6C69700DEF150 /* main.m */ = {isa = PBXFileReference; lastKnownFileType = sourcecode.c.objc; path = main.m; sourceTree = "<group>"; };
		7DBF19D11AA6C69700DEF150 /* AppDelegate.h */ = {isa = PBXFileReference; lastKnownFileType = sourcecode.c.h; path = AppDelegate.h; sourceTree = "<group>"; };
		7DBF19D21AA6C69700DEF150 /* AppDelegate.m */ = {isa = PBXFileReference; lastKnownFileType = sourcecode.c.objc; path = AppDelegate.m; sourceTree = "<group>"; };
		7DBF19D41AA6C69700DEF150 /* ViewController.h */ = {isa = PBXFileReference; lastKnownFileType = sourcecode.c.h; path = ViewController.h; sourceTree = "<group>"; };
		7DBF19D51AA6C69700DEF150 /* ViewController.m */ = {isa = PBXFileReference; lastKnownFileType = sourcecode.c.objc; path = ViewController.m; sourceTree = "<group>"; };
		7DBF19D81AA6C69700DEF150 /* Base */ = {isa = PBXFileReference; lastKnownFileType = file.storyboard; name = Base; path = Base.lproj/Main.storyboard; sourceTree = "<group>"; };
		7DBF19DA1AA6C69700DEF150 /* Images.xcassets */ = {isa = PBXFileReference; lastKnownFileType = folder.assetcatalog; path = Images.xcassets; sourceTree = "<group>"; };
		7DBF19DD1AA6C69700DEF150 /* Base */ = {isa = PBXFileReference; lastKnownFileType = file.xib; name = Base; path = Base.lproj/LaunchScreen.xib; sourceTree = "<group>"; };
		7DBF19E31AA6C69700DEF150 /* QQ聊天Tests.xctest */ = {isa = PBXFileReference; explicitFileType = wrapper.cfbundle; includeInIndex = 0; path = "QQ聊天Tests.xctest"; sourceTree = BUILT_PRODUCTS_DIR; };
		7DBF19E81AA6C69700DEF150 /* Info.plist */ = {isa = PBXFileReference; lastKnownFileType = text.plist.xml; path = Info.plist; sourceTree = "<group>"; };
		7DBF19E91AA6C69700DEF150 /* QQ__Tests.m */ = {isa = PBXFileReference; lastKnownFileType = sourcecode.c.objc; path = QQ__Tests.m; sourceTree = "<group>"; };
		7DBF19F31AA6C87A00DEF150 /* messages.plist */ = {isa = PBXFileReference; fileEncoding = 4; lastKnownFileType = text.plist.xml; path = messages.plist; sourceTree = "<group>"; };
		7DBF19F51AA6D2C300DEF150 /* JHGlobal.h */ = {isa = PBXFileReference; fileEncoding = 4; lastKnownFileType = sourcecode.c.h; path = JHGlobal.h; sourceTree = "<group>"; };
		7DBF19F61AA6D34600DEF150 /* JHMessageModel.h */ = {isa = PBXFileReference; fileEncoding = 4; lastKnownFileType = sourcecode.c.h; path = JHMessageModel.h; sourceTree = "<group>"; };
		7DBF19F71AA6D34600DEF150 /* JHMessageModel.m */ = {isa = PBXFileReference; fileEncoding = 4; lastKnownFileType = sourcecode.c.objc; path = JHMessageModel.m; sourceTree = "<group>"; };
		7DBF19F91AA6D46E00DEF150 /* JHMessageCell.h */ = {isa = PBXFileReference; fileEncoding = 4; lastKnownFileType = sourcecode.c.h; path = JHMessageCell.h; sourceTree = "<group>"; };
		7DBF19FA1AA6D46E00DEF150 /* JHMessageCell.m */ = {isa = PBXFileReference; fileEncoding = 4; lastKnownFileType = sourcecode.c.objc; path = JHMessageCell.m; sourceTree = "<group>"; };
		7DBF19FC1AA6D4B700DEF150 /* JHMessageFrameModel.h */ = {isa = PBXFileReference; fileEncoding = 4; lastKnownFileType = sourcecode.c.h; path = JHMessageFrameModel.h; sourceTree = "<group>"; };
		7DBF19FD1AA6D4B700DEF150 /* JHMessageFrameModel.m */ = {isa = PBXFileReference; fileEncoding = 4; lastKnownFileType = sourcecode.c.objc; path = JHMessageFrameModel.m; sourceTree = "<group>"; };
		7DC8A2481AA81F22002DCA06 /* NSString+Extension.h */ = {isa = PBXFileReference; fileEncoding = 4; lastKnownFileType = sourcecode.c.h; path = "NSString+Extension.h"; sourceTree = "<group>"; };
		7DC8A2491AA81F22002DCA06 /* NSString+Extension.m */ = {isa = PBXFileReference; fileEncoding = 4; lastKnownFileType = sourcecode.c.objc; path = "NSString+Extension.m"; sourceTree = "<group>"; };
		7DC8A24B1AA81FD8002DCA06 /* UIImage+Extension.h */ = {isa = PBXFileReference; fileEncoding = 4; lastKnownFileType = sourcecode.c.h; path = "UIImage+Extension.h"; sourceTree = "<group>"; };
		7DC8A24C1AA81FD8002DCA06 /* UIImage+Extension.m */ = {isa = PBXFileReference; fileEncoding = 4; lastKnownFileType = sourcecode.c.objc; path = "UIImage+Extension.m"; sourceTree = "<group>"; };
/* End PBXFileReference section */

/* Begin PBXFrameworksBuildPhase section */
		7DBF19C71AA6C69700DEF150 /* Frameworks */ = {
			isa = PBXFrameworksBuildPhase;
			buildActionMask = 2147483647;
			files = (
			);
			runOnlyForDeploymentPostprocessing = 0;
		};
		7DBF19E01AA6C69700DEF150 /* Frameworks */ = {
			isa = PBXFrameworksBuildPhase;
			buildActionMask = 2147483647;
			files = (
			);
			runOnlyForDeploymentPostprocessing = 0;
		};
/* End PBXFrameworksBuildPhase section */

/* Begin PBXGroup section */
		7DBF19C11AA6C69700DEF150 = {
			isa = PBXGroup;
			children = (
				7DBF19CC1AA6C69700DEF150 /* QQ聊天 */,
				7DBF19E61AA6C69700DEF150 /* QQ聊天Tests */,
				7DBF19CB1AA6C69700DEF150 /* Products */,
			);
			sourceTree = "<group>";
		};
		7DBF19CB1AA6C69700DEF150 /* Products */ = {
			isa = PBXGroup;
			children = (
				7DBF19CA1AA6C69700DEF150 /* QQ聊天.app */,
				7DBF19E31AA6C69700DEF150 /* QQ聊天Tests.xctest */,
			);
			name = Products;
			sourceTree = "<group>";
		};
		7DBF19CC1AA6C69700DEF150 /* QQ聊天 */ = {
			isa = PBXGroup;
			children = (
				7DBF1A031AA6EBB500DEF150 /* Classes */,
				7DBF19CD1AA6C69700DEF150 /* Supporting Files */,
			);
			path = "QQ聊天";
			sourceTree = "<group>";
		};
		7DBF19CD1AA6C69700DEF150 /* Supporting Files */ = {
			isa = PBXGroup;
			children = (
				7DBF19DA1AA6C69700DEF150 /* Images.xcassets */,
				7DBF19F31AA6C87A00DEF150 /* messages.plist */,
				7DBF19CE1AA6C69700DEF150 /* Info.plist */,
				7DBF19CF1AA6C69700DEF150 /* main.m */,
			);
			name = "Supporting Files";
			sourceTree = "<group>";
		};
		7DBF19E61AA6C69700DEF150 /* QQ聊天Tests */ = {
			isa = PBXGroup;
			children = (
				7DBF19E91AA6C69700DEF150 /* QQ__Tests.m */,
				7DBF19E71AA6C69700DEF150 /* Supporting Files */,
			);
			path = "QQ聊天Tests";
			sourceTree = "<group>";
		};
		7DBF19E71AA6C69700DEF150 /* Supporting Files */ = {
			isa = PBXGroup;
			children = (
				7DBF19E81AA6C69700DEF150 /* Info.plist */,
			);
			name = "Supporting Files";
			sourceTree = "<group>";
		};
		7DBF19FF1AA6EB1E00DEF150 /* Other */ = {
			isa = PBXGroup;
			children = (
				7DBF19F51AA6D2C300DEF150 /* JHGlobal.h */,
				7DBF19D11AA6C69700DEF150 /* AppDelegate.h */,
				7DBF19D21AA6C69700DEF150 /* AppDelegate.m */,
				7DC8A2481AA81F22002DCA06 /* NSString+Extension.h */,
				7DC8A2491AA81F22002DCA06 /* NSString+Extension.m */,
				7DC8A24B1AA81FD8002DCA06 /* UIImage+Extension.h */,
				7DC8A24C1AA81FD8002DCA06 /* UIImage+Extension.m */,
			);
			name = Other;
			sourceTree = "<group>";
		};
		7DBF1A001AA6EB2B00DEF150 /* Controller */ = {
			isa = PBXGroup;
			children = (
				7DBF19DC1AA6C69700DEF150 /* LaunchScreen.xib */,
				7DBF19D71AA6C69700DEF150 /* Main.storyboard */,
				7DBF19D41AA6C69700DEF150 /* ViewController.h */,
				7DBF19D51AA6C69700DEF150 /* ViewController.m */,
			);
			name = Controller;
			sourceTree = "<group>";
		};
		7DBF1A011AA6EB4000DEF150 /* View */ = {
			isa = PBXGroup;
			children = (
				7DBF19F91AA6D46E00DEF150 /* JHMessageCell.h */,
				7DBF19FA1AA6D46E00DEF150 /* JHMessageCell.m */,
			);
			name = View;
			sourceTree = "<group>";
		};
		7DBF1A021AA6EB4900DEF150 /* Model */ = {
			isa = PBXGroup;
			children = (
				7DBF19F61AA6D34600DEF150 /* JHMessageModel.h */,
				7DBF19F71AA6D34600DEF150 /* JHMessageModel.m */,
				7DBF19FC1AA6D4B700DEF150 /* JHMessageFrameModel.h */,
				7DBF19FD1AA6D4B700DEF150 /* JHMessageFrameModel.m */,
			);
			name = Model;
			sourceTree = "<group>";
		};
		7DBF1A031AA6EBB500DEF150 /* Classes */ = {
			isa = PBXGroup;
			children = (
				7DBF1A021AA6EB4900DEF150 /* Model */,
				7DBF1A011AA6EB4000DEF150 /* View */,
				7DBF1A001AA6EB2B00DEF150 /* Controller */,
				7DBF19FF1AA6EB1E00DEF150 /* Other */,
			);
			name = Classes;
			sourceTree = "<group>";
		};
/* End PBXGroup section */

/* Begin PBXNativeTarget section */
		7DBF19C91AA6C69700DEF150 /* QQ聊天 */ = {
			isa = PBXNativeTarget;
			buildConfigurationList = 7DBF19ED1AA6C69700DEF150 /* Build configuration list for PBXNativeTarget "QQ聊天" */;
			buildPhases = (
				7DBF19C61AA6C69700DEF150 /* Sources */,
				7DBF19C71AA6C69700DEF150 /* Frameworks */,
				7DBF19C81AA6C69700DEF150 /* Resources */,
			);
			buildRules = (
			);
			dependencies = (
			);
			name = "QQ聊天";
			productName = "QQ聊天";
			productReference = 7DBF19CA1AA6C69700DEF150 /* QQ聊天.app */;
			productType = "com.apple.product-type.application";
		};
		7DBF19E21AA6C69700DEF150 /* QQ聊天Tests */ = {
			isa = PBXNativeTarget;
			buildConfigurationList = 7DBF19F01AA6C69700DEF150 /* Build configuration list for PBXNativeTarget "QQ聊天Tests" */;
			buildPhases = (
				7DBF19DF1AA6C69700DEF150 /* Sources */,
				7DBF19E01AA6C69700DEF150 /* Frameworks */,
				7DBF19E11AA6C69700DEF150 /* Resources */,
			);
			buildRules = (
			);
			dependencies = (
				7DBF19E51AA6C69700DEF150 /* PBXTargetDependency */,
			);
			name = "QQ聊天Tests";
			productName = "QQ聊天Tests";
			productReference = 7DBF19E31AA6C69700DEF150 /* QQ聊天Tests.xctest */;
			productType = "com.apple.product-type.bundle.unit-test";
		};
/* End PBXNativeTarget section */

/* Begin PBXProject section */
		7DBF19C21AA6C69700DEF150 /* Project object */ = {
			isa = PBXProject;
			attributes = {
				LastUpgradeCheck = 0610;
				ORGANIZATIONNAME = jinheng;
				TargetAttributes = {
					7DBF19C91AA6C69700DEF150 = {
						CreatedOnToolsVersion = 6.1.1;
					};
					7DBF19E21AA6C69700DEF150 = {
						CreatedOnToolsVersion = 6.1.1;
						TestTargetID = 7DBF19C91AA6C69700DEF150;
					};
				};
			};
			buildConfigurationList = 7DBF19C51AA6C69700DEF150 /* Build configuration list for PBXProject "QQ聊天" */;
			compatibilityVersion = "Xcode 3.2";
			developmentRegion = English;
			hasScannedForEncodings = 0;
			knownRegions = (
				en,
				Base,
			);
			mainGroup = 7DBF19C11AA6C69700DEF150;
			productRefGroup = 7DBF19CB1AA6C69700DEF150 /* Products */;
			projectDirPath = "";
			projectRoot = "";
			targets = (
				7DBF19C91AA6C69700DEF150 /* QQ聊天 */,
				7DBF19E21AA6C69700DEF150 /* QQ聊天Tests */,
			);
		};
/* End PBXProject section */

/* Begin PBXResourcesBuildPhase section */
		7DBF19C81AA6C69700DEF150 /* Resources */ = {
			isa = PBXResourcesBuildPhase;
			buildActionMask = 2147483647;
			files = (
				7DBF19F41AA6C87A00DEF150 /* messages.plist in Resources */,
				7DBF19D91AA6C69700DEF150 /* Main.storyboard in Resources */,
				7DBF19DE1AA6C69700DEF150 /* LaunchScreen.xib in Resources */,
				7DBF19DB1AA6C69700DEF150 /* Images.xcassets in Resources */,
			);
			runOnlyForDeploymentPostprocessing = 0;
		};
		7DBF19E11AA6C69700DEF150 /* Resources */ = {
			isa = PBXResourcesBuildPhase;
			buildActionMask = 2147483647;
			files = (
			);
			runOnlyForDeploymentPostprocessing = 0;
		};
/* End PBXResourcesBuildPhase section */

/* Begin PBXSourcesBuildPhase section */
		7DBF19C61AA6C69700DEF150 /* Sources */ = {
			isa = PBXSourcesBuildPhase;
			buildActionMask = 2147483647;
			files = (
				7DBF19FB1AA6D46E00DEF150 /* JHMessageCell.m in Sources */,
				7DBF19FE1AA6D4B700DEF150 /* JHMessageFrameModel.m in Sources */,
				7DBF19D61AA6C69700DEF150 /* ViewController.m in Sources */,
				7DBF19D31AA6C69700DEF150 /* AppDelegate.m in Sources */,
				7DBF19D01AA6C69700DEF150 /* main.m in Sources */,
				7DBF19F81AA6D34600DEF150 /* JHMessageModel.m in Sources */,
				7DC8A24A1AA81F22002DCA06 /* NSString+Extension.m in Sources */,
				7DC8A24D1AA81FD8002DCA06 /* UIImage+Extension.m in Sources */,
			);
			runOnlyForDeploymentPostprocessing = 0;
		};
		7DBF19DF1AA6C69700DEF150 /* Sources */ = {
			isa = PBXSourcesBuildPhase;
			buildActionMask = 2147483647;
			files = (
				7DBF19EA1AA6C69700DEF150 /* QQ__Tests.m in Sources */,
			);
			runOnlyForDeploymentPostprocessing = 0;
		};
/* End PBXSourcesBuildPhase section */

/* Begin PBXTargetDependency section */
		7DBF19E51AA6C69700DEF150 /* PBXTargetDependency */ = {
			isa = PBXTargetDependency;
			target = 7DBF19C91AA6C69700DEF150 /* QQ聊天 */;
			targetProxy = 7DBF19E41AA6C69700DEF150 /* PBXContainerItemProxy */;
		};
/* End PBXTargetDependency section */

/* Begin PBXVariantGroup section */
		7DBF19D71AA6C69700DEF150 /* Main.storyboard */ = {
			isa = PBXVariantGroup;
			children = (
				7DBF19D81AA6C69700DEF150 /* Base */,
			);
			name = Main.storyboard;
			sourceTree = "<group>";
		};
		7DBF19DC1AA6C69700DEF150 /* LaunchScreen.xib */ = {
			isa = PBXVariantGroup;
			children = (
				7DBF19DD1AA6C69700DEF150 /* Base */,
			);
			name = LaunchScreen.xib;
			sourceTree = "<group>";
		};
/* End PBXVariantGroup section */

/* Begin XCBuildConfiguration section */
		7DBF19EB1AA6C69700DEF150 /* Debug */ = {
			isa = XCBuildConfiguration;
			buildSettings = {
				ALWAYS_SEARCH_USER_PATHS = NO;
				CLANG_CXX_LANGUAGE_STANDARD = "gnu++0x";
				CLANG_CXX_LIBRARY = "libc++";
				CLANG_ENABLE_MODULES = YES;
				CLANG_ENABLE_OBJC_ARC = YES;
				CLANG_WARN_BOOL_CONVERSION = YES;
				CLANG_WARN_CONSTANT_CONVERSION = YES;
				CLANG_WARN_DIRECT_OBJC_ISA_USAGE = YES_ERROR;
				CLANG_WARN_EMPTY_BODY = YES;
				CLANG_WARN_ENUM_CONVERSION = YES;
				CLANG_WARN_INT_CONVERSION = YES;
				CLANG_WARN_OBJC_ROOT_CLASS = YES_ERROR;
				CLANG_WARN_UNREACHABLE_CODE = YES;
				CLANG_WARN__DUPLICATE_METHOD_MATCH = YES;
				"CODE_SIGN_IDENTITY[sdk=iphoneos*]" = "iPhone Developer";
				COPY_PHASE_STRIP = NO;
				ENABLE_STRICT_OBJC_MSGSEND = YES;
				GCC_C_LANGUAGE_STANDARD = gnu99;
				GCC_DYNAMIC_NO_PIC = NO;
				GCC_OPTIMIZATION_LEVEL = 0;
				GCC_PREPROCESSOR_DEFINITIONS = (
					"DEBUG=1",
					"$(inherited)",
				);
				GCC_SYMBOLS_PRIVATE_EXTERN = NO;
				GCC_WARN_64_TO_32_BIT_CONVERSION = YES;
				GCC_WARN_ABOUT_RETURN_TYPE = YES_ERROR;
				GCC_WARN_UNDECLARED_SELECTOR = YES;
				GCC_WARN_UNINITIALIZED_AUTOS = YES_AGGRESSIVE;
				GCC_WARN_UNUSED_FUNCTION = YES;
				GCC_WARN_UNUSED_VARIABLE = YES;
				IPHONEOS_DEPLOYMENT_TARGET = 8.1;
				MTL_ENABLE_DEBUG_INFO = YES;
				ONLY_ACTIVE_ARCH = YES;
				SDKROOT = iphoneos;
			};
			name = Debug;
		};
		7DBF19EC1AA6C69700DEF150 /* Release */ = {
			isa = XCBuildConfiguration;
			buildSettings = {
				ALWAYS_SEARCH_USER_PATHS = NO;
				CLANG_CXX_LANGUAGE_STANDARD = "gnu++0x";
				CLANG_CXX_LIBRARY = "libc++";
				CLANG_ENABLE_MODULES = YES;
				CLANG_ENABLE_OBJC_ARC = YES;
				CLANG_WARN_BOOL_CONVERSION = YES;
				CLANG_WARN_CONSTANT_CONVERSION = YES;
				CLANG_WARN_DIRECT_OBJC_ISA_USAGE = YES_ERROR;
				CLANG_WARN_EMPTY_BODY = YES;
				CLANG_WARN_ENUM_CONVERSION = YES;
				CLANG_WARN_INT_CONVERSION = YES;
				CLANG_WARN_OBJC_ROOT_CLASS = YES_ERROR;
				CLANG_WARN_UNREACHABLE_CODE = YES;
				CLANG_WARN__DUPLICATE_METHOD_MATCH = YES;
				"CODE_SIGN_IDENTITY[sdk=iphoneos*]" = "iPhone Developer";
				COPY_PHASE_STRIP = YES;
				ENABLE_NS_ASSERTIONS = NO;
				ENABLE_STRICT_OBJC_MSGSEND = YES;
				GCC_C_LANGUAGE_STANDARD = gnu99;
				GCC_WARN_64_TO_32_BIT_CONVERSION = YES;
				GCC_WARN_ABOUT_RETURN_TYPE = YES_ERROR;
				GCC_WARN_UNDECLARED_SELECTOR = YES;
				GCC_WARN_UNINITIALIZED_AUTOS = YES_AGGRESSIVE;
				GCC_WARN_UNUSED_FUNCTION = YES;
				GCC_WARN_UNUSED_VARIABLE = YES;
				IPHONEOS_DEPLOYMENT_TARGET = 8.1;
				MTL_ENABLE_DEBUG_INFO = NO;
				SDKROOT = iphoneos;
				VALIDATE_PRODUCT = YES;
			};
			name = Release;
		};
		7DBF19EE1AA6C69700DEF150 /* Debug */ = {
			isa = XCBuildConfiguration;
			buildSettings = {
				ASSETCATALOG_COMPILER_APPICON_NAME = AppIcon;
				INFOPLIST_FILE = "QQ聊天/Info.plist";
				LD_RUNPATH_SEARCH_PATHS = "$(inherited) @executable_path/Frameworks";
				PRODUCT_NAME = "$(TARGET_NAME)";
			};
			name = Debug;
		};
		7DBF19EF1AA6C69700DEF150 /* Release */ = {
			isa = XCBuildConfiguration;
			buildSettings = {
				ASSETCATALOG_COMPILER_APPICON_NAME = AppIcon;
				INFOPLIST_FILE = "QQ聊天/Info.plist";
				LD_RUNPATH_SEARCH_PATHS = "$(inherited) @executable_path/Frameworks";
				PRODUCT_NAME = "$(TARGET_NAME)";
			};
			name = Release;
		};
		7DBF19F11AA6C69700DEF150 /* Debug */ = {
			isa = XCBuildConfiguration;
			buildSettings = {
				BUNDLE_LOADER = "$(TEST_HOST)";
				FRAMEWORK_SEARCH_PATHS = (
					"$(SDKROOT)/Developer/Library/Frameworks",
					"$(inherited)",
				);
				GCC_PREPROCESSOR_DEFINITIONS = (
					"DEBUG=1",
					"$(inherited)",
				);
				INFOPLIST_FILE = "QQ聊天Tests/Info.plist";
				LD_RUNPATH_SEARCH_PATHS = "$(inherited) @executable_path/Frameworks @loader_path/Frameworks";
				PRODUCT_NAME = "$(TARGET_NAME)";
				TEST_HOST = "$(BUILT_PRODUCTS_DIR)/QQ聊天.app/QQ聊天";
			};
			name = Debug;
		};
		7DBF19F21AA6C69700DEF150 /* Release */ = {
			isa = XCBuildConfiguration;
			buildSettings = {
				BUNDLE_LOADER = "$(TEST_HOST)";
				FRAMEWORK_SEARCH_PATHS = (
					"$(SDKROOT)/Developer/Library/Frameworks",
					"$(inherited)",
				);
				INFOPLIST_FILE = "QQ聊天Tests/Info.plist";
				LD_RUNPATH_SEARCH_PATHS = "$(inherited) @executable_path/Frameworks @loader_path/Frameworks";
				PRODUCT_NAME = "$(TARGET_NAME)";
				TEST_HOST = "$(BUILT_PRODUCTS_DIR)/QQ聊天.app/QQ聊天";
			};
			name = Release;
		};
/* End XCBuildConfiguration section */

/* Begin XCConfigurationList section */
		7DBF19C51AA6C69700DEF150 /* Build configuration list for PBXProject "QQ聊天" */ = {
			isa = XCConfigurationList;
			buildConfigurations = (
				7DBF19EB1AA6C69700DEF150 /* Debug */,
				7DBF19EC1AA6C69700DEF150 /* Release */,
			);
			defaultConfigurationIsVisible = 0;
			defaultConfigurationName = Release;
		};
		7DBF19ED1AA6C69700DEF150 /* Build configuration list for PBXNativeTarget "QQ聊天" */ = {
			isa = XCConfigurationList;
			buildConfigurations = (
				7DBF19EE1AA6C69700DEF150 /* Debug */,
				7DBF19EF1AA6C69700DEF150 /* Release */,
			);
			defaultConfigurationIsVisible = 0;
			defaultConfigurationName = Release;
		};
		7DBF19F01AA6C69700DEF150 /* Build configuration list for PBXNativeTarget "QQ聊天Tests" */ = {
			isa = XCConfigurationList;
			buildConfigurations = (
				7DBF19F11AA6C69700DEF150 /* Debug */,
				7DBF19F21AA6C69700DEF150 /* Release */,
			);
			defaultConfigurationIsVisible = 0;
			defaultConfigurationName = Release;
		};
/* End XCConfigurationList section */
	};
	rootObject = 7DBF19C21AA6C69700DEF150 /* Project object */;
}
